// !$*UTF8*$!
{
	archiveVersion = 1;
	classes = {
	};
	objectVersion = 46;
	objects = {

/* Begin PBXBuildFile section */
		CAB861E41CD18B31008EB3A1 /* AppDelegate.swift in Sources */ = {isa = PBXBuildFile; fileRef = CAB861E31CD18B31008EB3A1 /* AppDelegate.swift */; };
		CAB861E61CD18B31008EB3A1 /* ViewController.swift in Sources */ = {isa = PBXBuildFile; fileRef = CAB861E51CD18B31008EB3A1 /* ViewController.swift */; };
		CAB861E91CD18B31008EB3A1 /* Main.storyboard in Resources */ = {isa = PBXBuildFile; fileRef = CAB861E71CD18B31008EB3A1 /* Main.storyboard */; };
		CAB861EB1CD18B31008EB3A1 /* Assets.xcassets in Resources */ = {isa = PBXBuildFile; fileRef = CAB861EA1CD18B31008EB3A1 /* Assets.xcassets */; };
		CAB861EE1CD18B31008EB3A1 /* LaunchScreen.storyboard in Resources */ = {isa = PBXBuildFile; fileRef = CAB861EC1CD18B31008EB3A1 /* LaunchScreen.storyboard */; };
/* End PBXBuildFile section */

/* Begin PBXFileReference section */
		CAB861E01CD18B31008EB3A1 /* ContactsFramework.app */ = {isa = PBXFileReference; explicitFileType = wrapper.application; includeInIndex = 0; path = ContactsFramework.app; sourceTree = BUILT_PRODUCTS_DIR; };
		CAB861E31CD18B31008EB3A1 /* AppDelegate.swift */ = {isa = PBXFileReference; lastKnownFileType = sourcecode.swift; path = AppDelegate.swift; sourceTree = "<group>"; };
		CAB861E51CD18B31008EB3A1 /* ViewController.swift */ = {isa = PBXFileReference; lastKnownFileType = sourcecode.swift; path = ViewController.swift; sourceTree = "<group>"; };
		CAB861E81CD18B31008EB3A1 /* Base */ = {isa = PBXFileReference; lastKnownFileType = file.storyboard; name = Base; path = Base.lproj/Main.storyboard; sourceTree = "<group>"; };
		CAB861EA1CD18B31008EB3A1 /* Assets.xcassets */ = {isa = PBXFileReference; lastKnownFileType = folder.assetcatalog; path = Assets.xcassets; sourceTree = "<group>"; };
		CAB861ED1CD18B31008EB3A1 /* Base */ = {isa = PBXFileReference; lastKnownFileType = file.storyboard; name = Base; path = Base.lproj/LaunchScreen.storyboard; sourceTree = "<group>"; };
		CAB861EF1CD18B31008EB3A1 /* Info.plist */ = {isa = PBXFileReference; lastKnownFileType = text.plist.xml; path = Info.plist; sourceTree = "<group>"; };
/* End PBXFileReference section */

/* Begin PBXFrameworksBuildPhase section */
		CAB861DD1CD18B31008EB3A1 /* Frameworks */ = {
			isa = PBXFrameworksBuildPhase;
			buildActionMask = 2147483647;
			files = (
			);
			runOnlyForDeploymentPostprocessing = 0;
		};
/* End PBXFrameworksBuildPhase section */

/* Begin PBXGroup section */
		CAB861D71CD18B31008EB3A1 = {
			isa = PBXGroup;
			children = (
				CAB861E21CD18B31008EB3A1 /* ContactsFramework */,
				CAB861E11CD18B31008EB3A1 /* Products */,
			);
			sourceTree = "<group>";
		};
		CAB861E11CD18B31008EB3A1 /* Products */ = {
			isa = PBXGroup;
			children = (
				CAB861E01CD18B31008EB3A1 /* ContactsFramework.app */,
			);
			name = Products;
			sourceTree = "<group>";
		};
		CAB861E21CD18B31008EB3A1 /* ContactsFramework */ = {
			isa = PBXGroup;
			children = (
				CAB861E31CD18B31008EB3A1 /* AppDelegate.swift */,
				CAB861E51CD18B31008EB3A1 /* ViewController.swift */,
				CAB861E71CD18B31008EB3A1 /* Main.storyboard */,
				CAB861EA1CD18B31008EB3A1 /* Assets.xcassets */,
				CAB861EC1CD18B31008EB3A1 /* LaunchScreen.storyboard */,
				CAB861EF1CD18B31008EB3A1 /* Info.plist */,
			);
			path = ContactsFramework;
			sourceTree = "<group>";
		};
/* End PBXGroup section */

/* Begin PBXNativeTarget section */
		CAB861DF1CD18B31008EB3A1 /* ContactsFramework */ = {
			isa = PBXNativeTarget;
			buildConfigurationList = CAB861F21CD18B31008EB3A1 /* Build configuration list for PBXNativeTarget "ContactsFramework" */;
			buildPhases = (
				CAB861DC1CD18B31008EB3A1 /* Sources */,
				CAB861DD1CD18B31008EB3A1 /* Frameworks */,
				CAB861DE1CD18B31008EB3A1 /* Resources */,
			);
			buildRules = (
			);
			dependencies = (
			);
			name = ContactsFramework;
			productName = ContactsFramework;
			productReference = CAB861E01CD18B31008EB3A1 /* ContactsFramework.app */;
			productType = "com.apple.product-type.application";
		};
/* End PBXNativeTarget section */

/* Begin PBXProject section */
		CAB861D81CD18B31008EB3A1 /* Project object */ = {
			isa = PBXProject;
			attributes = {
				LastSwiftUpdateCheck = 0720;
				LastUpgradeCheck = 0720;
				ORGANIZATIONNAME = prasanthi;
				TargetAttributes = {
					CAB861DF1CD18B31008EB3A1 = {
						CreatedOnToolsVersion = 7.2.1;
						DevelopmentTeam = 34ZQ9MY537;
					};
				};
			};
			buildConfigurationList = CAB861DB1CD18B31008EB3A1 /* Build configuration list for PBXProject "ContactsFramework" */;
			compatibilityVersion = "Xcode 3.2";
			developmentRegion = English;
			hasScannedForEncodings = 0;
			knownRegions = (
				en,
				Base,
			);
			mainGroup = CAB861D71CD18B31008EB3A1;
			productRefGroup = CAB861E11CD18B31008EB3A1 /* Products */;
			projectDirPath = "";
			projectRoot = "";
			targets = (
				CAB861DF1CD18B31008EB3A1 /* ContactsFramework */,
			);
		};
/* End PBXProject section */

/* Begin PBXResourcesBuildPhase section */
		CAB861DE1CD18B31008EB3A1 /* Resources */ = {
			isa = PBXResourcesBuildPhase;
			buildActionMask = 2147483647;
			files = (
				CAB861EE1CD18B31008EB3A1 /* LaunchScreen.storyboard in Resources */,
				CAB861EB1CD18B31008EB3A1 /* Assets.xcassets in Resources */,
				CAB861E91CD18B31008EB3A1 /* Main.storyboard in Resources */,
			);
			runOnlyForDeploymentPostprocessing = 0;
		};
/* End PBXResourcesBuildPhase section */

/* Begin PBXSourcesBuildPhase section */
		CAB861DC1CD18B31008EB3A1 /* Sources */ = {
			isa = PBXSourcesBuildPhase;
			buildActionMask = 2147483647;
			files = (
				CAB861E61CD18B31008EB3A1 /* ViewController.swift in Sources */,
				CAB861E41CD18B31008EB3A1 /* AppDelegate.swift in Sources */,
			);
			runOnlyForDeploymentPostprocessing = 0;
		};
/* End PBXSourcesBuildPhase section */

/* Begin PBXVariantGroup section */
		CAB861E71CD18B31008EB3A1 /* Main.storyboard */ = {
			isa = PBXVariantGroup;
			children = (
				CAB861E81CD18B31008EB3A1 /* Base */,
			);
			name = Main.storyboard;
			sourceTree = "<group>";
		};
		CAB861EC1CD18B31008EB3A1 /* LaunchScreen.storyboard */ = {
			isa = PBXVariantGroup;
			children = (
				CAB861ED1CD18B31008EB3A1 /* Base */,
			);
			name = LaunchScreen.storyboard;
			sourceTree = "<group>";
		};
/* End PBXVariantGroup section */

/* Begin XCBuildConfiguration section */
		CAB861F01CD18B31008EB3A1 /* Debug */ = {
			isa = XCBuildConfiguration;
			buildSettings = {
				ALWAYS_SEARCH_USER_PATHS = NO;
				CLANG_CXX_LANGUAGE_STANDARD = "gnu++0x";
				CLANG_CXX_LIBRARY = "libc++";
				CLANG_ENABLE_MODULES = YES;
				CLANG_ENABLE_OBJC_ARC = YES;
				CLANG_WARN_BOOL_CONVERSION = YES;
				CLANG_WARN_CONSTANT_CONVERSION = YES;
				CLANG_WARN_DIRECT_OBJC_ISA_USAGE = YES_ERROR;
				CLANG_WARN_EMPTY_BODY = YES;
				CLANG_WARN_ENUM_CONVERSION = YES;
				CLANG_WARN_INT_CONVERSION = YES;
				CLANG_WARN_OBJC_ROOT_CLASS = YES_ERROR;
				CLANG_WARN_UNREACHABLE_CODE = YES;
				CLANG_WARN__DUPLICATE_METHOD_MATCH = YES;
				"CODE_SIGN_IDENTITY[sdk=iphoneos*]" = "iPhone Developer";
				COPY_PHASE_STRIP = NO;
				DEBUG_INFORMATION_FORMAT = dwarf;
				ENABLE_STRICT_OBJC_MSGSEND = YES;
				ENABLE_TESTABILITY = YES;
				GCC_C_LANGUAGE_STANDARD = gnu99;
				GCC_DYNAMIC_NO_PIC = NO;
				GCC_NO_COMMON_BLOCKS = YES;
				GCC_OPTIMIZATION_LEVEL = 0;
				GCC_PREPROCESSOR_DEFINITIONS = (
					"DEBUG=1",
					"$(inherited)",
				);
				GCC_WARN_64_TO_32_BIT_CONVERSION = YES;
				GCC_WARN_ABOUT_RETURN_TYPE = YES_ERROR;
				GCC_WARN_UNDECLARED_SELECTOR = YES;
				GCC_WARN_UNINITIALIZED_AUTOS = YES_AGGRESSIVE;
				GCC_WARN_UNUSED_FUNCTION = YES;
				GCC_WARN_UNUSED_VARIABLE = YES;
				IPHONEOS_DEPLOYMENT_TARGET = 9.2;
				MTL_ENABLE_DEBUG_INFO = YES;
				ONLY_ACTIVE_ARCH = YES;
				SDKROOT = iphoneos;
				SWIFT_OPTIMIZATION_LEVEL = "-Onone";
			};
			name = Debug;
		};
		CAB861F11CD18B31008EB3A1 /* Release */ = {
			isa = XCBuildConfiguration;
			buildSettings = {
				ALWAYS_SEARCH_USER_PATHS = NO;
				CLANG_CXX_LANGUAGE_STANDARD = "gnu++0x";
				CLANG_CXX_LIBRARY = "libc++";
				CLANG_ENABLE_MODULES = YES;
				CLANG_ENABLE_OBJC_ARC = YES;
				CLANG_WARN_BOOL_CONVERSION = YES;
				CLANG_WARN_CONSTANT_CONVERSION = YES;
				CLANG_WARN_DIRECT_OBJC_ISA_USAGE = YES_ERROR;
				CLANG_WARN_EMPTY_BODY = YES;
				CLANG_WARN_ENUM_CONVERSION = YES;
				CLANG_WARN_INT_CONVERSION = YES;
				CLANG_WARN_OBJC_ROOT_CLASS = YES_ERROR;
				CLANG_WARN_UNREACHABLE_CODE = YES;
				CLANG_WARN__DUPLICATE_METHOD_MATCH = YES;
				"CODE_SIGN_IDENTITY[sdk=iphoneos*]" = "iPhone Developer";
				COPY_PHASE_STRIP = NO;
				DEBUG_INFORMATION_FORMAT = "dwarf-with-dsym";
				ENABLE_NS_ASSERTIONS = NO;
				ENABLE_STRICT_OBJC_MSGSEND = YES;
				GCC_C_LANGUAGE_STANDARD = gnu99;
				GCC_NO_COMMON_BLOCKS = YES;
				GCC_WARN_64_TO_32_BIT_CONVERSION = YES;
				GCC_WARN_ABOUT_RETURN_TYPE = YES_ERROR;
				GCC_WARN_UNDECLARED_SELECTOR = YES;
				GCC_WARN_UNINITIALIZED_AUTOS = YES_AGGRESSIVE;
				GCC_WARN_UNUSED_FUNCTION = YES;
				GCC_WARN_UNUSED_VARIABLE = YES;
				IPHONEOS_DEPLOYMENT_TARGET = 9.2;
				MTL_ENABLE_DEBUG_INFO = NO;
				SDKROOT = iphoneos;
				VALIDATE_PRODUCT = YES;
			};
			name = Release;
		};
		CAB861F31CD18B31008EB3A1 /* Debug */ = {
			isa = XCBuildConfiguration;
			buildSettings = {
				ASSETCATALOG_COMPILER_APPICON_NAME = AppIcon;
				CODE_SIGN_IDENTITY = "iPhone Developer";
				"CODE_SIGN_IDENTITY[sdk=iphoneos*]" = "iPhone Developer";
				INFOPLIST_FILE = ContactsFramework/Info.plist;
				LD_RUNPATH_SEARCH_PATHS = "$(inherited) @executable_path/Frameworks";
				PRODUCT_BUNDLE_IDENTIFIER = com.prasanthi.ContactsFramework;
				PRODUCT_NAME = "$(TARGET_NAME)";
				PROVISIONING_PROFILE = "";
			};
			name = Debug;
		};
		CAB861F41CD18B31008EB3A1 /* Release */ = {
			isa = XCBuildConfiguration;
			buildSettings = {
				ASSETCATALOG_COMPILER_APPICON_NAME = AppIcon;
				CODE_SIGN_IDENTITY = "iPhone Developer";
				"CODE_SIGN_IDENTITY[sdk=iphoneos*]" = "iPhone Developer";
				INFOPLIST_FILE = ContactsFramework/Info.plist;
				LD_RUNPATH_SEARCH_PATHS = "$(inherited) @executable_path/Frameworks";
				PRODUCT_BUNDLE_IDENTIFIER = com.prasanthi.ContactsFramework;
				PRODUCT_NAME = "$(TARGET_NAME)";
				PROVISIONING_PROFILE = "";
			};
			name = Release;
		};
/* End XCBuildConfiguration section */

/* Begin XCConfigurationList section */
		CAB861DB1CD18B31008EB3A1 /* Build configuration list for PBXProject "ContactsFramework" */ = {
			isa = XCConfigurationList;
			buildConfigurations = (
				CAB861F01CD18B31008EB3A1 /* Debug */,
				CAB861F11CD18B31008EB3A1 /* Release */,
			);
			defaultConfigurationIsVisible = 0;
			defaultConfigurationName = Release;
		};
		CAB861F21CD18B31008EB3A1 /* Build configuration list for PBXNativeTarget "ContactsFramework" */ = {
			isa = XCConfigurationList;
			buildConfigurations = (
				CAB861F31CD18B31008EB3A1 /* Debug */,
				CAB861F41CD18B31008EB3A1 /* Release */,
			);
			defaultConfigurationIsVisible = 0;
			defaultConfigurationName = Release;
		};
/* End XCConfigurationList section */
	};
	rootObject = CAB861D81CD18B31008EB3A1 /* Project object */;
}
